
Microsoft Visual Studio Solution File, Format Version 12.00
# Visual Studio Version 17
VisualStudioVersion = 17.0.31919.166
MinimumVisualStudioVersion = 10.0.40219.1
Project("{FAE04EC0-301F-11D3-BF4B-00C04F79EFBC}") = "RiskAutomator", "RiskAutomator\RiskAutomator.csproj", "{740263BE-3FB4-47E0-8D65-2732649669DF}"
EndProject
Global
	GlobalSection(SolutionConfigurationPlatforms) = preSolution
		Debug|Any CPU = Debug|Any CPU
		Release|Any CPU = Release|Any CPU
	EndGlobalSection
	GlobalSection(ProjectConfigurationPlatforms) = postSolution
		{740263BE-3FB4-47E0-8D65-2732649669DF}.Debug|Any CPU.ActiveCfg = Debug|Any CPU
		{740263BE-3FB4-47E0-8D65-2732649669DF}.Debug|Any CPU.Build.0 = Debug|Any CPU
		{740263BE-3FB4-47E0-8D65-2732649669DF}.Release|Any CPU.ActiveCfg = Release|Any CPU
		{740263BE-3FB4-47E0-8D65-2732649669DF}.Release|Any CPU.Build.0 = Release|Any CPU
	EndGlobalSection
	GlobalSection(SolutionProperties) = preSolution
		HideSolutionNode = FALSE
	EndGlobalSection
	GlobalSection(ExtensibilityGlobals) = postSolution
		SolutionGuid = {CD66401C-CABF-4C3B-99BF-0B061D334F34}
	EndGlobalSection
EndGlobal
